// !$*UTF8*$!
{
	archiveVersion = 1;
	classes = {
	};
	objectVersion = 77;
	objects = {

/* Begin PBXContainerItemProxy section */
		C2906D262D1CA3A000FD9644 /* PBXContainerItemProxy */ = {
			isa = PBXContainerItemProxy;
			containerPortal = C2906D0D2D1CA39F00FD9644 /* Project object */;
			proxyType = 1;
			remoteGlobalIDString = C2906D142D1CA39F00FD9644;
			remoteInfo = Prodo;
		};
		C2906D302D1CA3A000FD9644 /* PBXContainerItemProxy */ = {
			isa = PBXContainerItemProxy;
			containerPortal = C2906D0D2D1CA39F00FD9644 /* Project object */;
			proxyType = 1;
			remoteGlobalIDString = C2906D142D1CA39F00FD9644;
			remoteInfo = Prodo;
		};
/* End PBXContainerItemProxy section */

/* Begin PBXFileReference section */
		C2906D152D1CA39F00FD9644 /* Prodo.app */ = {isa = PBXFileReference; explicitFileType = wrapper.application; includeInIndex = 0; path = Prodo.app; sourceTree = BUILT_PRODUCTS_DIR; };
		C2906D252D1CA3A000FD9644 /* ProdoTests.xctest */ = {isa = PBXFileReference; explicitFileType = wrapper.cfbundle; includeInIndex = 0; path = ProdoTests.xctest; sourceTree = BUILT_PRODUCTS_DIR; };
		C2906D2F2D1CA3A000FD9644 /* ProdoUITests.xctest */ = {isa = PBXFileReference; explicitFileType = wrapper.cfbundle; includeInIndex = 0; path = ProdoUITests.xctest; sourceTree = BUILT_PRODUCTS_DIR; };
/* End PBXFileReference section */

/* Begin PBXFileSystemSynchronizedRootGroup section */
		C2906D172D1CA39F00FD9644 /* Prodo */ = {
			isa = PBXFileSystemSynchronizedRootGroup;
			path = Prodo;
			sourceTree = "<group>";
		};
		C2906D282D1CA3A000FD9644 /* ProdoTests */ = {
			isa = PBXFileSystemSynchronizedRootGroup;
			path = ProdoTests;
			sourceTree = "<group>";
		};
		C2906D322D1CA3A000FD9644 /* ProdoUITests */ = {
			isa = PBXFileSystemSynchronizedRootGroup;
			path = ProdoUITests;
			sourceTree = "<group>";
		};
/* End PBXFileSystemSynchronizedRootGroup section */

/* Begin PBXFrameworksBuildPhase section */
		C2906D122D1CA39F00FD9644 /* Frameworks */ = {
			isa = PBXFrameworksBuildPhase;
			buildActionMask = 2147483647;
			files = (
			);
			runOnlyForDeploymentPostprocessing = 0;
		};
		C2906D222D1CA3A000FD9644 /* Frameworks */ = {
			isa = PBXFrameworksBuildPhase;
			buildActionMask = 2147483647;
			files = (
			);
			runOnlyForDeploymentPostprocessing = 0;
		};
		C2906D2C2D1CA3A000FD9644 /* Frameworks */ = {
			isa = PBXFrameworksBuildPhase;
			buildActionMask = 2147483647;
			files = (
			);
			runOnlyForDeploymentPostprocessing = 0;
		};
/* End PBXFrameworksBuildPhase section */

/* Begin PBXGroup section */
		C2906D0C2D1CA39F00FD9644 = {
			isa = PBXGroup;
			children = (
				C2906D172D1CA39F00FD9644 /* Prodo */,
				C2906D282D1CA3A000FD9644 /* ProdoTests */,
				C2906D322D1CA3A000FD9644 /* ProdoUITests */,
				C2906D162D1CA39F00FD9644 /* Products */,
			);
			sourceTree = "<group>";
		};
		C2906D162D1CA39F00FD9644 /* Products */ = {
			isa = PBXGroup;
			children = (
				C2906D152D1CA39F00FD9644 /* Prodo.app */,
				C2906D252D1CA3A000FD9644 /* ProdoTests.xctest */,
				C2906D2F2D1CA3A000FD9644 /* ProdoUITests.xctest */,
			);
			name = Products;
			sourceTree = "<group>";
		};
/* End PBXGroup section */

/* Begin PBXNativeTarget section */
		C2906D142D1CA39F00FD9644 /* Prodo */ = {
			isa = PBXNativeTarget;
			buildConfigurationList = C2906D392D1CA3A000FD9644 /* Build configuration list for PBXNativeTarget "Prodo" */;
			buildPhases = (
				C2906D112D1CA39F00FD9644 /* Sources */,
				C2906D122D1CA39F00FD9644 /* Frameworks */,
				C2906D132D1CA39F00FD9644 /* Resources */,
			);
			buildRules = (
			);
			dependencies = (
			);
			fileSystemSynchronizedGroups = (
				C2906D172D1CA39F00FD9644 /* Prodo */,
			);
			name = Prodo;
			packageProductDependencies = (
			);
			productName = Prodo;
			productReference = C2906D152D1CA39F00FD9644 /* Prodo.app */;
			productType = "com.apple.product-type.application";
		};
		C2906D242D1CA3A000FD9644 /* ProdoTests */ = {
			isa = PBXNativeTarget;
			buildConfigurationList = C2906D3C2D1CA3A000FD9644 /* Build configuration list for PBXNativeTarget "ProdoTests" */;
			buildPhases = (
				C2906D212D1CA3A000FD9644 /* Sources */,
				C2906D222D1CA3A000FD9644 /* Frameworks */,
				C2906D232D1CA3A000FD9644 /* Resources */,
			);
			buildRules = (
			);
			dependencies = (
				C2906D272D1CA3A000FD9644 /* PBXTargetDependency */,
			);
			fileSystemSynchronizedGroups = (
				C2906D282D1CA3A000FD9644 /* ProdoTests */,
			);
			name = ProdoTests;
			packageProductDependencies = (
			);
			productName = ProdoTests;
			productReference = C2906D252D1CA3A000FD9644 /* ProdoTests.xctest */;
			productType = "com.apple.product-type.bundle.unit-test";
		};
		C2906D2E2D1CA3A000FD9644 /* ProdoUITests */ = {
			isa = PBXNativeTarget;
			buildConfigurationList = C2906D3F2D1CA3A000FD9644 /* Build configuration list for PBXNativeTarget "ProdoUITests" */;
			buildPhases = (
				C2906D2B2D1CA3A000FD9644 /* Sources */,
				C2906D2C2D1CA3A000FD9644 /* Frameworks */,
				C2906D2D2D1CA3A000FD9644 /* Resources */,
			);
			buildRules = (
			);
			dependencies = (
				C2906D312D1CA3A000FD9644 /* PBXTargetDependency */,
			);
			fileSystemSynchronizedGroups = (
				C2906D322D1CA3A000FD9644 /* ProdoUITests */,
			);
			name = ProdoUITests;
			packageProductDependencies = (
			);
			productName = ProdoUITests;
			productReference = C2906D2F2D1CA3A000FD9644 /* ProdoUITests.xctest */;
			productType = "com.apple.product-type.bundle.ui-testing";
		};
/* End PBXNativeTarget section */

/* Begin PBXProject section */
		C2906D0D2D1CA39F00FD9644 /* Project object */ = {
			isa = PBXProject;
			attributes = {
				BuildIndependentTargetsInParallel = 1;
				LastSwiftUpdateCheck = 1620;
				LastUpgradeCheck = 1620;
				TargetAttributes = {
					C2906D142D1CA39F00FD9644 = {
						CreatedOnToolsVersion = 16.2;
					};
					C2906D242D1CA3A000FD9644 = {
						CreatedOnToolsVersion = 16.2;
						TestTargetID = C2906D142D1CA39F00FD9644;
					};
					C2906D2E2D1CA3A000FD9644 = {
						CreatedOnToolsVersion = 16.2;
						TestTargetID = C2906D142D1CA39F00FD9644;
					};
				};
			};
			buildConfigurationList = C2906D102D1CA39F00FD9644 /* Build configuration list for PBXProject "Prodo" */;
			developmentRegion = en;
			hasScannedForEncodings = 0;
			knownRegions = (
				en,
				Base,
			);
			mainGroup = C2906D0C2D1CA39F00FD9644;
			minimizedProjectReferenceProxies = 1;
			preferredProjectObjectVersion = 77;
			productRefGroup = C2906D162D1CA39F00FD9644 /* Products */;
			projectDirPath = "";
			projectRoot = "";
			targets = (
				C2906D142D1CA39F00FD9644 /* Prodo */,
				C2906D242D1CA3A000FD9644 /* ProdoTests */,
				C2906D2E2D1CA3A000FD9644 /* ProdoUITests */,
			);
		};
/* End PBXProject section */

/* Begin PBXResourcesBuildPhase section */
		C2906D132D1CA39F00FD9644 /* Resources */ = {
			isa = PBXResourcesBuildPhase;
			buildActionMask = 2147483647;
			files = (
			);
			runOnlyForDeploymentPostprocessing = 0;
		};
		C2906D232D1CA3A000FD9644 /* Resources */ = {
			isa = PBXResourcesBuildPhase;
			buildActionMask = 2147483647;
			files = (
			);
			runOnlyForDeploymentPostprocessing = 0;
		};
		C2906D2D2D1CA3A000FD9644 /* Resources */ = {
			isa = PBXResourcesBuildPhase;
			buildActionMask = 2147483647;
			files = (
			);
			runOnlyForDeploymentPostprocessing = 0;
		};
/* End PBXResourcesBuildPhase section */

/* Begin PBXSourcesBuildPhase section */
		C2906D112D1CA39F00FD9644 /* Sources */ = {
			isa = PBXSourcesBuildPhase;
			buildActionMask = 2147483647;
			files = (
			);
			runOnlyForDeploymentPostprocessing = 0;
		};
		C2906D212D1CA3A000FD9644 /* Sources */ = {
			isa = PBXSourcesBuildPhase;
			buildActionMask = 2147483647;
			files = (
			);
			runOnlyForDeploymentPostprocessing = 0;
		};
		C2906D2B2D1CA3A000FD9644 /* Sources */ = {
			isa = PBXSourcesBuildPhase;
			buildActionMask = 2147483647;
			files = (
			);
			runOnlyForDeploymentPostprocessing = 0;
		};
/* End PBXSourcesBuildPhase section */

/* Begin PBXTargetDependency section */
		C2906D272D1CA3A000FD9644 /* PBXTargetDependency */ = {
			isa = PBXTargetDependency;
			target = C2906D142D1CA39F00FD9644 /* Prodo */;
			targetProxy = C2906D262D1CA3A000FD9644 /* PBXContainerItemProxy */;
		};
		C2906D312D1CA3A000FD9644 /* PBXTargetDependency */ = {
			isa = PBXTargetDependency;
			target = C2906D142D1CA39F00FD9644 /* Prodo */;
			targetProxy = C2906D302D1CA3A000FD9644 /* PBXContainerItemProxy */;
		};
/* End PBXTargetDependency section */

/* Begin XCBuildConfiguration section */
		C2906D372D1CA3A000FD9644 /* Debug */ = {
			isa = XCBuildConfiguration;
			buildSettings = {
				ALWAYS_SEARCH_USER_PATHS = NO;
				ASSETCATALOG_COMPILER_GENERATE_SWIFT_ASSET_SYMBOL_EXTENSIONS = YES;
				CLANG_ANALYZER_NONNULL = YES;
				CLANG_ANALYZER_NUMBER_OBJECT_CONVERSION = YES_AGGRESSIVE;
				CLANG_CXX_LANGUAGE_STANDARD = "gnu++20";
				CLANG_ENABLE_MODULES = YES;
				CLANG_ENABLE_OBJC_ARC = YES;
				CLANG_ENABLE_OBJC_WEAK = YES;
				CLANG_WARN_BLOCK_CAPTURE_AUTORELEASING = YES;
				CLANG_WARN_BOOL_CONVERSION = YES;
				CLANG_WARN_COMMA = YES;
				CLANG_WARN_CONSTANT_CONVERSION = YES;
				CLANG_WARN_DEPRECATED_OBJC_IMPLEMENTATIONS = YES;
				CLANG_WARN_DIRECT_OBJC_ISA_USAGE = YES_ERROR;
				CLANG_WARN_DOCUMENTATION_COMMENTS = YES;
				CLANG_WARN_EMPTY_BODY = YES;
				CLANG_WARN_ENUM_CONVERSION = YES;
				CLANG_WARN_INFINITE_RECURSION = YES;
				CLANG_WARN_INT_CONVERSION = YES;
				CLANG_WARN_NON_LITERAL_NULL_CONVERSION = YES;
				CLANG_WARN_OBJC_IMPLICIT_RETAIN_SELF = YES;
				CLANG_WARN_OBJC_LITERAL_CONVERSION = YES;
				CLANG_WARN_OBJC_ROOT_CLASS = YES_ERROR;
				CLANG_WARN_QUOTED_INCLUDE_IN_FRAMEWORK_HEADER = YES;
				CLANG_WARN_RANGE_LOOP_ANALYSIS = YES;
				CLANG_WARN_STRICT_PROTOTYPES = YES;
				CLANG_WARN_SUSPICIOUS_MOVE = YES;
				CLANG_WARN_UNGUARDED_AVAILABILITY = YES_AGGRESSIVE;
				CLANG_WARN_UNREACHABLE_CODE = YES;
				CLANG_WARN__DUPLICATE_METHOD_MATCH = YES;
				COPY_PHASE_STRIP = NO;
				DEBUG_INFORMATION_FORMAT = dwarf;
				ENABLE_STRICT_OBJC_MSGSEND = YES;
				ENABLE_TESTABILITY = YES;
				ENABLE_USER_SCRIPT_SANDBOXING = YES;
				GCC_C_LANGUAGE_STANDARD = gnu17;
				GCC_DYNAMIC_NO_PIC = NO;
				GCC_NO_COMMON_BLOCKS = YES;
				GCC_OPTIMIZATION_LEVEL = 0;
				GCC_PREPROCESSOR_DEFINITIONS = (
					"DEBUG=1",
					"$(inherited)",
				);
				GCC_WARN_64_TO_32_BIT_CONVERSION = YES;
				GCC_WARN_ABOUT_RETURN_TYPE = YES_ERROR;
				GCC_WARN_UNDECLARED_SELECTOR = YES;
				GCC_WARN_UNINITIALIZED_AUTOS = YES_AGGRESSIVE;
				GCC_WARN_UNUSED_FUNCTION = YES;
				GCC_WARN_UNUSED_VARIABLE = YES;
				IPHONEOS_DEPLOYMENT_TARGET = 18.2;
				LOCALIZATION_PREFERS_STRING_CATALOGS = YES;
				MTL_ENABLE_DEBUG_INFO = INCLUDE_SOURCE;
				MTL_FAST_MATH = YES;
				ONLY_ACTIVE_ARCH = YES;
				SDKROOT = iphoneos;
				SWIFT_ACTIVE_COMPILATION_CONDITIONS = "DEBUG $(inherited)";
				SWIFT_OPTIMIZATION_LEVEL = "-Onone";
			};
			name = Debug;
		};
		C2906D382D1CA3A000FD9644 /* Release */ = {
			isa = XCBuildConfiguration;
			buildSettings = {
				ALWAYS_SEARCH_USER_PATHS = NO;
				ASSETCATALOG_COMPILER_GENERATE_SWIFT_ASSET_SYMBOL_EXTENSIONS = YES;
				CLANG_ANALYZER_NONNULL = YES;
				CLANG_ANALYZER_NUMBER_OBJECT_CONVERSION = YES_AGGRESSIVE;
				CLANG_CXX_LANGUAGE_STANDARD = "gnu++20";
				CLANG_ENABLE_MODULES = YES;
				CLANG_ENABLE_OBJC_ARC = YES;
				CLANG_ENABLE_OBJC_WEAK = YES;
				CLANG_WARN_BLOCK_CAPTURE_AUTORELEASING = YES;
				CLANG_WARN_BOOL_CONVERSION = YES;
				CLANG_WARN_COMMA = YES;
				CLANG_WARN_CONSTANT_CONVERSION = YES;
				CLANG_WARN_DEPRECATED_OBJC_IMPLEMENTATIONS = YES;
				CLANG_WARN_DIRECT_OBJC_ISA_USAGE = YES_ERROR;
				CLANG_WARN_DOCUMENTATION_COMMENTS = YES;
				CLANG_WARN_EMPTY_BODY = YES;
				CLANG_WARN_ENUM_CONVERSION = YES;
				CLANG_WARN_INFINITE_RECURSION = YES;
				CLANG_WARN_INT_CONVERSION = YES;
				CLANG_WARN_NON_LITERAL_NULL_CONVERSION = YES;
				CLANG_WARN_OBJC_IMPLICIT_RETAIN_SELF = YES;
				CLANG_WARN_OBJC_LITERAL_CONVERSION = YES;
				CLANG_WARN_OBJC_ROOT_CLASS = YES_ERROR;
				CLANG_WARN_QUOTED_INCLUDE_IN_FRAMEWORK_HEADER = YES;
				CLANG_WARN_RANGE_LOOP_ANALYSIS = YES;
				CLANG_WARN_STRICT_PROTOTYPES = YES;
				CLANG_WARN_SUSPICIOUS_MOVE = YES;
				CLANG_WARN_UNGUARDED_AVAILABILITY = YES_AGGRESSIVE;
				CLANG_WARN_UNREACHABLE_CODE = YES;
				CLANG_WARN__DUPLICATE_METHOD_MATCH = YES;
				COPY_PHASE_STRIP = NO;
				DEBUG_INFORMATION_FORMAT = "dwarf-with-dsym";
				ENABLE_NS_ASSERTIONS = NO;
				ENABLE_STRICT_OBJC_MSGSEND = YES;
				ENABLE_USER_SCRIPT_SANDBOXING = YES;
				GCC_C_LANGUAGE_STANDARD = gnu17;
				GCC_NO_COMMON_BLOCKS = YES;
				GCC_WARN_64_TO_32_BIT_CONVERSION = YES;
				GCC_WARN_ABOUT_RETURN_TYPE = YES_ERROR;
				GCC_WARN_UNDECLARED_SELECTOR = YES;
				GCC_WARN_UNINITIALIZED_AUTOS = YES_AGGRESSIVE;
				GCC_WARN_UNUSED_FUNCTION = YES;
				GCC_WARN_UNUSED_VARIABLE = YES;
				IPHONEOS_DEPLOYMENT_TARGET = 18.2;
				LOCALIZATION_PREFERS_STRING_CATALOGS = YES;
				MTL_ENABLE_DEBUG_INFO = NO;
				MTL_FAST_MATH = YES;
				SDKROOT = iphoneos;
				SWIFT_COMPILATION_MODE = wholemodule;
				VALIDATE_PRODUCT = YES;
			};
			name = Release;
		};
		C2906D3A2D1CA3A000FD9644 /* Debug */ = {
			isa = XCBuildConfiguration;
			buildSettings = {
				ASSETCATALOG_COMPILER_APPICON_NAME = AppIcon;
				ASSETCATALOG_COMPILER_GLOBAL_ACCENT_COLOR_NAME = AccentColor;
				CODE_SIGN_STYLE = Automatic;
				CURRENT_PROJECT_VERSION = 1;
				DEVELOPMENT_ASSET_PATHS = "\"Prodo/Preview Content\"";
				ENABLE_PREVIEWS = YES;
				GENERATE_INFOPLIST_FILE = YES;
				INFOPLIST_KEY_UIApplicationSceneManifest_Generation = YES;
				INFOPLIST_KEY_UIApplicationSupportsIndirectInputEvents = YES;
				INFOPLIST_KEY_UILaunchScreen_Generation = YES;
				INFOPLIST_KEY_UISupportedInterfaceOrientations_iPad = "UIInterfaceOrientationPortrait UIInterfaceOrientationPortraitUpsideDown UIInterfaceOrientationLandscapeLeft UIInterfaceOrientationLandscapeRight";
				INFOPLIST_KEY_UISupportedInterfaceOrientations_iPhone = "UIInterfaceOrientationPortrait UIInterfaceOrientationLandscapeLeft UIInterfaceOrientationLandscapeRight";
				LD_RUNPATH_SEARCH_PATHS = (
					"$(inherited)",
					"@executable_path/Frameworks",
				);
				MARKETING_VERSION = 1.0;
				PRODUCT_BUNDLE_IDENTIFIER = Oria.Prodo;
				PRODUCT_NAME = "$(TARGET_NAME)";
				SWIFT_EMIT_LOC_STRINGS = YES;
				SWIFT_VERSION = 5.0;
				TARGETED_DEVICE_FAMILY = "1,2";
			};
			name = Debug;
		};
		C2906D3B2D1CA3A000FD9644 /* Release */ = {
			isa = XCBuildConfiguration;
			buildSettings = {
				ASSETCATALOG_COMPILER_APPICON_NAME = AppIcon;
				ASSETCATALOG_COMPILER_GLOBAL_ACCENT_COLOR_NAME = AccentColor;
				CODE_SIGN_STYLE = Automatic;
				CURRENT_PROJECT_VERSION = 1;
				DEVELOPMENT_ASSET_PATHS = "\"Prodo/Preview Content\"";
				ENABLE_PREVIEWS = YES;
				GENERATE_INFOPLIST_FILE = YES;
				INFOPLIST_KEY_UIApplicationSceneManifest_Generation = YES;
				INFOPLIST_KEY_UIApplicationSupportsIndirectInputEvents = YES;
				INFOPLIST_KEY_UILaunchScreen_Generation = YES;
				INFOPLIST_KEY_UISupportedInterfaceOrientations_iPad = "UIInterfaceOrientationPortrait UIInterfaceOrientationPortraitUpsideDown UIInterfaceOrientationLandscapeLeft UIInterfaceOrientationLandscapeRight";
				INFOPLIST_KEY_UISupportedInterfaceOrientations_iPhone = "UIInterfaceOrientationPortrait UIInterfaceOrientationLandscapeLeft UIInterfaceOrientationLandscapeRight";
				LD_RUNPATH_SEARCH_PATHS = (
					"$(inherited)",
					"@executable_path/Frameworks",
				);
				MARKETING_VERSION = 1.0;
				PRODUCT_BUNDLE_IDENTIFIER = Oria.Prodo;
				PRODUCT_NAME = "$(TARGET_NAME)";
				SWIFT_EMIT_LOC_STRINGS = YES;
				SWIFT_VERSION = 5.0;
				TARGETED_DEVICE_FAMILY = "1,2";
			};
			name = Release;
		};
		C2906D3D2D1CA3A000FD9644 /* Debug */ = {
			isa = XCBuildConfiguration;
			buildSettings = {
				BUNDLE_LOADER = "$(TEST_HOST)";
				CODE_SIGN_STYLE = Automatic;
				CURRENT_PROJECT_VERSION = 1;
				GENERATE_INFOPLIST_FILE = YES;
				IPHONEOS_DEPLOYMENT_TARGET = 18.2;
				MARKETING_VERSION = 1.0;
				PRODUCT_BUNDLE_IDENTIFIER = Oria.ProdoTests;
				PRODUCT_NAME = "$(TARGET_NAME)";
				SWIFT_EMIT_LOC_STRINGS = NO;
				SWIFT_VERSION = 5.0;
				TARGETED_DEVICE_FAMILY = "1,2";
				TEST_HOST = "$(BUILT_PRODUCTS_DIR)/Prodo.app/$(BUNDLE_EXECUTABLE_FOLDER_PATH)/Prodo";
			};
			name = Debug;
		};
		C2906D3E2D1CA3A000FD9644 /* Release */ = {
			isa = XCBuildConfiguration;
			buildSettings = {
				BUNDLE_LOADER = "$(TEST_HOST)";
				CODE_SIGN_STYLE = Automatic;
				CURRENT_PROJECT_VERSION = 1;
				GENERATE_INFOPLIST_FILE = YES;
				IPHONEOS_DEPLOYMENT_TARGET = 18.2;
				MARKETING_VERSION = 1.0;
				PRODUCT_BUNDLE_IDENTIFIER = Oria.ProdoTests;
				PRODUCT_NAME = "$(TARGET_NAME)";
				SWIFT_EMIT_LOC_STRINGS = NO;
				SWIFT_VERSION = 5.0;
				TARGETED_DEVICE_FAMILY = "1,2";
				TEST_HOST = "$(BUILT_PRODUCTS_DIR)/Prodo.app/$(BUNDLE_EXECUTABLE_FOLDER_PATH)/Prodo";
			};
			name = Release;
		};
		C2906D402D1CA3A000FD9644 /* Debug */ = {
			isa = XCBuildConfiguration;
			buildSettings = {
				CODE_SIGN_STYLE = Automatic;
				CURRENT_PROJECT_VERSION = 1;
				GENERATE_INFOPLIST_FILE = YES;
				MARKETING_VERSION = 1.0;
				PRODUCT_BUNDLE_IDENTIFIER = Oria.ProdoUITests;
				PRODUCT_NAME = "$(TARGET_NAME)";
				SWIFT_EMIT_LOC_STRINGS = NO;
				SWIFT_VERSION = 5.0;
				TARGETED_DEVICE_FAMILY = "1,2";
				TEST_TARGET_NAME = Prodo;
			};
			name = Debug;
		};
		C2906D412D1CA3A000FD9644 /* Release */ = {
			isa = XCBuildConfiguration;
			buildSettings = {
				CODE_SIGN_STYLE = Automatic;
				CURRENT_PROJECT_VERSION = 1;
				GENERATE_INFOPLIST_FILE = YES;
				MARKETING_VERSION = 1.0;
				PRODUCT_BUNDLE_IDENTIFIER = Oria.ProdoUITests;
				PRODUCT_NAME = "$(TARGET_NAME)";
				SWIFT_EMIT_LOC_STRINGS = NO;
				SWIFT_VERSION = 5.0;
				TARGETED_DEVICE_FAMILY = "1,2";
				TEST_TARGET_NAME = Prodo;
			};
			name = Release;
		};
/* End XCBuildConfiguration section */

/* Begin XCConfigurationList section */
		C2906D102D1CA39F00FD9644 /* Build configuration list for PBXProject "Prodo" */ = {
			isa = XCConfigurationList;
			buildConfigurations = (
				C2906D372D1CA3A000FD9644 /* Debug */,
				C2906D382D1CA3A000FD9644 /* Release */,
			);
			defaultConfigurationIsVisible = 0;
			defaultConfigurationName = Release;
		};
		C2906D392D1CA3A000FD9644 /* Build configuration list for PBXNativeTarget "Prodo" */ = {
			isa = XCConfigurationList;
			buildConfigurations = (
				C2906D3A2D1CA3A000FD9644 /* Debug */,
				C2906D3B2D1CA3A000FD9644 /* Release */,
			);
			defaultConfigurationIsVisible = 0;
			defaultConfigurationName = Release;
		};
		C2906D3C2D1CA3A000FD9644 /* Build configuration list for PBXNativeTarget "ProdoTests" */ = {
			isa = XCConfigurationList;
			buildConfigurations = (
				C2906D3D2D1CA3A000FD9644 /* Debug */,
				C2906D3E2D1CA3A000FD9644 /* Release */,
			);
			defaultConfigurationIsVisible = 0;
			defaultConfigurationName = Release;
		};
		C2906D3F2D1CA3A000FD9644 /* Build configuration list for PBXNativeTarget "ProdoUITests" */ = {
			isa = XCConfigurationList;
			buildConfigurations = (
				C2906D402D1CA3A000FD9644 /* Debug */,
				C2906D412D1CA3A000FD9644 /* Release */,
			);
			defaultConfigurationIsVisible = 0;
			defaultConfigurationName = Release;
		};
/* End XCConfigurationList section */
	};
	rootObject = C2906D0D2D1CA39F00FD9644 /* Project object */;
}
